{
  "name": "estoque-certo-app",
  "lockfileVersion": 3,
  "requires": true,
  "packages": {
    "": {
      "dependencies": {
        "zenite-ui": "^1.1.4"
      }
    },
    "node_modules/zenite-ui": {
      "version": "1.1.4",
      "resolved": "https://registry.npmjs.org/zenite-ui/-/zenite-ui-1.1.4.tgz",
      "integrity": "sha512-W6U46X/iiulkUfhXR9iRXH9jxlg0506rSqb9eX7UkGBf00n9lkyD49mgE3vZq601lvP+3ZQSKoCQFB5zQDXwMA==",
      "license": "MIT"
    }
  }
}
